
Microsoft Visual Studio Solution File, Format Version 12.00
# Visual Studio 15
VisualStudioVersion = 15.0.28307.572
MinimumVisualStudioVersion = 10.0.40219.1
Project("{FAE04EC0-301F-11D3-BF4B-00C04F79EFBC}") = "FillingStation", "FillingStation\FillingStation.csproj", "{C51AD5BB-C172-4176-A5B8-5AFC90B62834}"
EndProject
Global
	GlobalSection(SolutionConfigurationPlatforms) = preSolution
		Debug|Any CPU = Debug|Any CPU
		Release|Any CPU = Release|Any CPU
	EndGlobalSection
	GlobalSection(ProjectConfigurationPlatforms) = postSolution
		{C51AD5BB-C172-4176-A5B8-5AFC90B62834}.Debug|Any CPU.ActiveCfg = Debug|Any CPU
		{C51AD5BB-C172-4176-A5B8-5AFC90B62834}.Debug|Any CPU.Build.0 = Debug|Any CPU
		{C51AD5BB-C172-4176-A5B8-5AFC90B62834}.Release|Any CPU.ActiveCfg = Release|Any CPU
		{C51AD5BB-C172-4176-A5B8-5AFC90B62834}.Release|Any CPU.Build.0 = Release|Any CPU
	EndGlobalSection
	GlobalSection(SolutionProperties) = preSolution
		HideSolutionNode = FALSE
	EndGlobalSection
	GlobalSection(ExtensibilityGlobals) = postSolution
		SolutionGuid = {BC9A245F-8BED-47AF-91BC-48BA5FE11FC3}
	EndGlobalSection
EndGlobal
